
Microsoft Visual Studio Solution File, Format Version 12.00
# Visual Studio 15
VisualStudioVersion = 15.0.27130.2024
MinimumVisualStudioVersion = 10.0.40219.1
Project("{FAE04EC0-301F-11D3-BF4B-00C04F79EFBC}") = "WindowsFormsApp5", "WindowsFormsApp5\WindowsFormsApp5.csproj", "{0C6265A4-F1B6-422B-BB71-955A4ACD393A}"
EndProject
Global
	GlobalSection(SolutionConfigurationPlatforms) = preSolution
		Debug|Any CPU = Debug|Any CPU
		Release|Any CPU = Release|Any CPU
	EndGlobalSection
	GlobalSection(ProjectConfigurationPlatforms) = postSolution
		{0C6265A4-F1B6-422B-BB71-955A4ACD393A}.Debug|Any CPU.ActiveCfg = Debug|Any CPU
		{0C6265A4-F1B6-422B-BB71-955A4ACD393A}.Debug|Any CPU.Build.0 = Debug|Any CPU
		{0C6265A4-F1B6-422B-BB71-955A4ACD393A}.Release|Any CPU.ActiveCfg = Release|Any CPU
		{0C6265A4-F1B6-422B-BB71-955A4ACD393A}.Release|Any CPU.Build.0 = Release|Any CPU
	EndGlobalSection
	GlobalSection(SolutionProperties) = preSolution
		HideSolutionNode = FALSE
	EndGlobalSection
	GlobalSection(ExtensibilityGlobals) = postSolution
		SolutionGuid = {A84FDE6D-FEAB-49EB-A841-4EDD08E1AEB1}
	EndGlobalSection
EndGlobal
